
Microsoft Visual Studio Solution File, Format Version 12.00
# Visual Studio Version 17
VisualStudioVersion = 17.0.31903.59
MinimumVisualStudioVersion = 10.0.40219.1
Project("{FAE04EC0-301F-11D3-BF4B-00C04F79EFBC}") = "Mux.Core", "Mux.Core\Mux.Core.csproj", "{1B679B26-4EC0-4224-9858-7966093E9E84}"
EndProject
Project("{FAE04EC0-301F-11D3-BF4B-00C04F79EFBC}") = "Mux.Cli", "Mux.Cli\Mux.Cli.csproj", "{177A6088-FD8C-4AE8-9C94-84CEA6047FDE}"
EndProject
Project("{FAE04EC0-301F-11D3-BF4B-00C04F79EFBC}") = "Test.Shared", "Test.Shared\Test.Shared.csproj", "{5F0B30CD-2135-483F-A522-1E4F10D033B1}"
EndProject
Project("{FAE04EC0-301F-11D3-BF4B-00C04F79EFBC}") = "Test.Xunit", "Test.Xunit\Test.Xunit.csproj", "{32446EB0-A933-453D-A5FB-1C75569F3F8F}"
EndProject
Project("{FAE04EC0-301F-11D3-BF4B-00C04F79EFBC}") = "Test.Automated", "Test.Automated\Test.Automated.csproj", "{CC6EE72F-515E-4774-971F-C700B6C62D53}"
EndProject
Project("{FAE04EC0-301F-11D3-BF4B-00C04F79EFBC}") = "Mux.Search", "Mux.Search\Mux.Search.csproj", "{0FC56588-81B9-489C-A933-559BE8E65169}"
EndProject
Project("{FAE04EC0-301F-11D3-BF4B-00C04F79EFBC}") = "Test.TavilyConsole", "Test.TavilyConsole\Test.TavilyConsole.csproj", "{9839091F-4ED9-465B-95AB-F24548E38E49}"
EndProject
Project("{FAE04EC0-301F-11D3-BF4B-00C04F79EFBC}") = "Test.YouConsole", "Test.YouConsole\Test.YouConsole.csproj", "{D026AA63-2C59-4A92-933B-18B4D9280262}"
EndProject
Project("{FAE04EC0-301F-11D3-BF4B-00C04F79EFBC}") = "Test.Nunit", "Test.Nunit\Test.Nunit.csproj", "{86C9DF5A-0792-4349-B347-443E2DCB5F3B}"
EndProject
Global
	GlobalSection(SolutionConfigurationPlatforms) = preSolution
		Debug|Any CPU = Debug|Any CPU
		Debug|x64 = Debug|x64
		Debug|x86 = Debug|x86
		Release|Any CPU = Release|Any CPU
		Release|x64 = Release|x64
		Release|x86 = Release|x86
	EndGlobalSection
	GlobalSection(ProjectConfigurationPlatforms) = postSolution
		{1B679B26-4EC0-4224-9858-7966093E9E84}.Debug|Any CPU.ActiveCfg = Debug|Any CPU
		{1B679B26-4EC0-4224-9858-7966093E9E84}.Debug|Any CPU.Build.0 = Debug|Any CPU
		{1B679B26-4EC0-4224-9858-7966093E9E84}.Debug|x64.ActiveCfg = Debug|Any CPU
		{1B679B26-4EC0-4224-9858-7966093E9E84}.Debug|x64.Build.0 = Debug|Any CPU
		{1B679B26-4EC0-4224-9858-7966093E9E84}.Debug|x86.ActiveCfg = Debug|Any CPU
		{1B679B26-4EC0-4224-9858-7966093E9E84}.Debug|x86.Build.0 = Debug|Any CPU
		{1B679B26-4EC0-4224-9858-7966093E9E84}.Release|Any CPU.ActiveCfg = Release|Any CPU
		{1B679B26-4EC0-4224-9858-7966093E9E84}.Release|Any CPU.Build.0 = Release|Any CPU
		{1B679B26-4EC0-4224-9858-7966093E9E84}.Release|x64.ActiveCfg = Release|Any CPU
		{1B679B26-4EC0-4224-9858-7966093E9E84}.Release|x64.Build.0 = Release|Any CPU
		{1B679B26-4EC0-4224-9858-7966093E9E84}.Release|x86.ActiveCfg = Release|Any CPU
		{1B679B26-4EC0-4224-9858-7966093E9E84}.Release|x86.Build.0 = Release|Any CPU
		{177A6088-FD8C-4AE8-9C94-84CEA6047FDE}.Debug|Any CPU.ActiveCfg = Debug|Any CPU
		{177A6088-FD8C-4AE8-9C94-84CEA6047FDE}.Debug|Any CPU.Build.0 = Debug|Any CPU
		{177A6088-FD8C-4AE8-9C94-84CEA6047FDE}.Debug|x64.ActiveCfg = Debug|Any CPU
		{177A6088-FD8C-4AE8-9C94-84CEA6047FDE}.Debug|x64.Build.0 = Debug|Any CPU
		{177A6088-FD8C-4AE8-9C94-84CEA6047FDE}.Debug|x86.ActiveCfg = Debug|Any CPU
		{177A6088-FD8C-4AE8-9C94-84CEA6047FDE}.Debug|x86.Build.0 = Debug|Any CPU
		{177A6088-FD8C-4AE8-9C94-84CEA6047FDE}.Release|Any CPU.ActiveCfg = Release|Any CPU
		{177A6088-FD8C-4AE8-9C94-84CEA6047FDE}.Release|Any CPU.Build.0 = Release|Any CPU
		{177A6088-FD8C-4AE8-9C94-84CEA6047FDE}.Release|x64.ActiveCfg = Release|Any CPU
		{177A6088-FD8C-4AE8-9C94-84CEA6047FDE}.Release|x64.Build.0 = Release|Any CPU
		{177A6088-FD8C-4AE8-9C94-84CEA6047FDE}.Release|x86.ActiveCfg = Release|Any CPU
		{177A6088-FD8C-4AE8-9C94-84CEA6047FDE}.Release|x86.Build.0 = Release|Any CPU
		{5F0B30CD-2135-483F-A522-1E4F10D033B1}.Debug|Any CPU.ActiveCfg = Debug|Any CPU
		{5F0B30CD-2135-483F-A522-1E4F10D033B1}.Debug|Any CPU.Build.0 = Debug|Any CPU
		{5F0B30CD-2135-483F-A522-1E4F10D033B1}.Debug|x64.ActiveCfg = Debug|Any CPU
		{5F0B30CD-2135-483F-A522-1E4F10D033B1}.Debug|x64.Build.0 = Debug|Any CPU
		{5F0B30CD-2135-483F-A522-1E4F10D033B1}.Debug|x86.ActiveCfg = Debug|Any CPU
		{5F0B30CD-2135-483F-A522-1E4F10D033B1}.Debug|x86.Build.0 = Debug|Any CPU
		{5F0B30CD-2135-483F-A522-1E4F10D033B1}.Release|Any CPU.ActiveCfg = Release|Any CPU
		{5F0B30CD-2135-483F-A522-1E4F10D033B1}.Release|Any CPU.Build.0 = Release|Any CPU
		{5F0B30CD-2135-483F-A522-1E4F10D033B1}.Release|x64.ActiveCfg = Release|Any CPU
		{5F0B30CD-2135-483F-A522-1E4F10D033B1}.Release|x64.Build.0 = Release|Any CPU
		{5F0B30CD-2135-483F-A522-1E4F10D033B1}.Release|x86.ActiveCfg = Release|Any CPU
		{5F0B30CD-2135-483F-A522-1E4F10D033B1}.Release|x86.Build.0 = Release|Any CPU
		{32446EB0-A933-453D-A5FB-1C75569F3F8F}.Debug|Any CPU.ActiveCfg = Debug|Any CPU
		{32446EB0-A933-453D-A5FB-1C75569F3F8F}.Debug|Any CPU.Build.0 = Debug|Any CPU
		{32446EB0-A933-453D-A5FB-1C75569F3F8F}.Debug|x64.ActiveCfg = Debug|Any CPU
		{32446EB0-A933-453D-A5FB-1C75569F3F8F}.Debug|x64.Build.0 = Debug|Any CPU
		{32446EB0-A933-453D-A5FB-1C75569F3F8F}.Debug|x86.ActiveCfg = Debug|Any CPU
		{32446EB0-A933-453D-A5FB-1C75569F3F8F}.Debug|x86.Build.0 = Debug|Any CPU
		{32446EB0-A933-453D-A5FB-1C75569F3F8F}.Release|Any CPU.ActiveCfg = Release|Any CPU
		{32446EB0-A933-453D-A5FB-1C75569F3F8F}.Release|Any CPU.Build.0 = Release|Any CPU
		{32446EB0-A933-453D-A5FB-1C75569F3F8F}.Release|x64.ActiveCfg = Release|Any CPU
		{32446EB0-A933-453D-A5FB-1C75569F3F8F}.Release|x64.Build.0 = Release|Any CPU
		{32446EB0-A933-453D-A5FB-1C75569F3F8F}.Release|x86.ActiveCfg = Release|Any CPU
		{32446EB0-A933-453D-A5FB-1C75569F3F8F}.Release|x86.Build.0 = Release|Any CPU
		{CC6EE72F-515E-4774-971F-C700B6C62D53}.Debug|Any CPU.ActiveCfg = Debug|Any CPU
		{CC6EE72F-515E-4774-971F-C700B6C62D53}.Debug|Any CPU.Build.0 = Debug|Any CPU
		{CC6EE72F-515E-4774-971F-C700B6C62D53}.Debug|x64.ActiveCfg = Debug|Any CPU
		{CC6EE72F-515E-4774-971F-C700B6C62D53}.Debug|x64.Build.0 = Debug|Any CPU
		{CC6EE72F-515E-4774-971F-C700B6C62D53}.Debug|x86.ActiveCfg = Debug|Any CPU
		{CC6EE72F-515E-4774-971F-C700B6C62D53}.Debug|x86.Build.0 = Debug|Any CPU
		{CC6EE72F-515E-4774-971F-C700B6C62D53}.Release|Any CPU.ActiveCfg = Release|Any CPU
		{CC6EE72F-515E-4774-971F-C700B6C62D53}.Release|Any CPU.Build.0 = Release|Any CPU
		{CC6EE72F-515E-4774-971F-C700B6C62D53}.Release|x64.ActiveCfg = Release|Any CPU
		{CC6EE72F-515E-4774-971F-C700B6C62D53}.Release|x64.Build.0 = Release|Any CPU
		{CC6EE72F-515E-4774-971F-C700B6C62D53}.Release|x86.ActiveCfg = Release|Any CPU
		{CC6EE72F-515E-4774-971F-C700B6C62D53}.Release|x86.Build.0 = Release|Any CPU
		{0FC56588-81B9-489C-A933-559BE8E65169}.Debug|Any CPU.ActiveCfg = Debug|Any CPU
		{0FC56588-81B9-489C-A933-559BE8E65169}.Debug|Any CPU.Build.0 = Debug|Any CPU
		{0FC56588-81B9-489C-A933-559BE8E65169}.Debug|x64.ActiveCfg = Debug|Any CPU
		{0FC56588-81B9-489C-A933-559BE8E65169}.Debug|x64.Build.0 = Debug|Any CPU
		{0FC56588-81B9-489C-A933-559BE8E65169}.Debug|x86.ActiveCfg = Debug|Any CPU
		{0FC56588-81B9-489C-A933-559BE8E65169}.Debug|x86.Build.0 = Debug|Any CPU
		{0FC56588-81B9-489C-A933-559BE8E65169}.Release|Any CPU.ActiveCfg = Release|Any CPU
		{0FC56588-81B9-489C-A933-559BE8E65169}.Release|Any CPU.Build.0 = Release|Any CPU
		{0FC56588-81B9-489C-A933-559BE8E65169}.Release|x64.ActiveCfg = Release|Any CPU
		{0FC56588-81B9-489C-A933-559BE8E65169}.Release|x64.Build.0 = Release|Any CPU
		{0FC56588-81B9-489C-A933-559BE8E65169}.Release|x86.ActiveCfg = Release|Any CPU
		{0FC56588-81B9-489C-A933-559BE8E65169}.Release|x86.Build.0 = Release|Any CPU
		{9839091F-4ED9-465B-95AB-F24548E38E49}.Debug|Any CPU.ActiveCfg = Debug|Any CPU
		{9839091F-4ED9-465B-95AB-F24548E38E49}.Debug|Any CPU.Build.0 = Debug|Any CPU
		{9839091F-4ED9-465B-95AB-F24548E38E49}.Debug|x64.ActiveCfg = Debug|Any CPU
		{9839091F-4ED9-465B-95AB-F24548E38E49}.Debug|x64.Build.0 = Debug|Any CPU
		{9839091F-4ED9-465B-95AB-F24548E38E49}.Debug|x86.ActiveCfg = Debug|Any CPU
		{9839091F-4ED9-465B-95AB-F24548E38E49}.Debug|x86.Build.0 = Debug|Any CPU
		{9839091F-4ED9-465B-95AB-F24548E38E49}.Release|Any CPU.ActiveCfg = Release|Any CPU
		{9839091F-4ED9-465B-95AB-F24548E38E49}.Release|Any CPU.Build.0 = Release|Any CPU
		{9839091F-4ED9-465B-95AB-F24548E38E49}.Release|x64.ActiveCfg = Release|Any CPU
		{9839091F-4ED9-465B-95AB-F24548E38E49}.Release|x64.Build.0 = Release|Any CPU
		{9839091F-4ED9-465B-95AB-F24548E38E49}.Release|x86.ActiveCfg = Release|Any CPU
		{9839091F-4ED9-465B-95AB-F24548E38E49}.Release|x86.Build.0 = Release|Any CPU
		{D026AA63-2C59-4A92-933B-18B4D9280262}.Debug|Any CPU.ActiveCfg = Debug|Any CPU
		{D026AA63-2C59-4A92-933B-18B4D9280262}.Debug|Any CPU.Build.0 = Debug|Any CPU
		{D026AA63-2C59-4A92-933B-18B4D9280262}.Debug|x64.ActiveCfg = Debug|Any CPU
		{D026AA63-2C59-4A92-933B-18B4D9280262}.Debug|x64.Build.0 = Debug|Any CPU
		{D026AA63-2C59-4A92-933B-18B4D9280262}.Debug|x86.ActiveCfg = Debug|Any CPU
		{D026AA63-2C59-4A92-933B-18B4D9280262}.Debug|x86.Build.0 = Debug|Any CPU
		{D026AA63-2C59-4A92-933B-18B4D9280262}.Release|Any CPU.ActiveCfg = Release|Any CPU
		{D026AA63-2C59-4A92-933B-18B4D9280262}.Release|Any CPU.Build.0 = Release|Any CPU
		{D026AA63-2C59-4A92-933B-18B4D9280262}.Release|x64.ActiveCfg = Release|Any CPU
		{D026AA63-2C59-4A92-933B-18B4D9280262}.Release|x64.Build.0 = Release|Any CPU
		{D026AA63-2C59-4A92-933B-18B4D9280262}.Release|x86.ActiveCfg = Release|Any CPU
		{D026AA63-2C59-4A92-933B-18B4D9280262}.Release|x86.Build.0 = Release|Any CPU
		{86C9DF5A-0792-4349-B347-443E2DCB5F3B}.Debug|Any CPU.ActiveCfg = Debug|Any CPU
		{86C9DF5A-0792-4349-B347-443E2DCB5F3B}.Debug|Any CPU.Build.0 = Debug|Any CPU
		{86C9DF5A-0792-4349-B347-443E2DCB5F3B}.Debug|x64.ActiveCfg = Debug|Any CPU
		{86C9DF5A-0792-4349-B347-443E2DCB5F3B}.Debug|x64.Build.0 = Debug|Any CPU
		{86C9DF5A-0792-4349-B347-443E2DCB5F3B}.Debug|x86.ActiveCfg = Debug|Any CPU
		{86C9DF5A-0792-4349-B347-443E2DCB5F3B}.Debug|x86.Build.0 = Debug|Any CPU
		{86C9DF5A-0792-4349-B347-443E2DCB5F3B}.Release|Any CPU.ActiveCfg = Release|Any CPU
		{86C9DF5A-0792-4349-B347-443E2DCB5F3B}.Release|Any CPU.Build.0 = Release|Any CPU
		{86C9DF5A-0792-4349-B347-443E2DCB5F3B}.Release|x64.ActiveCfg = Release|Any CPU
		{86C9DF5A-0792-4349-B347-443E2DCB5F3B}.Release|x64.Build.0 = Release|Any CPU
		{86C9DF5A-0792-4349-B347-443E2DCB5F3B}.Release|x86.ActiveCfg = Release|Any CPU
		{86C9DF5A-0792-4349-B347-443E2DCB5F3B}.Release|x86.Build.0 = Release|Any CPU
	EndGlobalSection
	GlobalSection(SolutionProperties) = preSolution
		HideSolutionNode = FALSE
	EndGlobalSection
EndGlobal
